
Microsoft Visual Studio Solution File, Format Version 12.00
# Visual Studio Version 16
VisualStudioVersion = 16.0.31005.135
MinimumVisualStudioVersion = 10.0.40219.1
Project("{2150E333-8FDC-42A3-9474-1A3956D46DE8}") = "Services", "Services", "{8F13B79C-4100-49EF-951D-33C696B100FA}"
EndProject
Project("{2150E333-8FDC-42A3-9474-1A3956D46DE8}") = "Catalog", "Catalog", "{413782F9-AA1C-435C-A78F-0A5E66E3C795}"
EndProject
Project("{9A19103F-16F7-4668-BE54-9A1E7A4F7556}") = "Catalog.API", "Services\Catalog\Catalog.API\Catalog.API.csproj", "{7E702D46-68E6-446F-B5F0-02A93558ABC7}"
EndProject
Project("{E53339B2-1760-4266-BCC7-CA923CBCF16C}") = "docker-compose", "docker-compose.dcproj", "{82DDB197-7EAC-4284-8E4B-EE4266CB0046}"
EndProject
Project("{2150E333-8FDC-42A3-9474-1A3956D46DE8}") = "Basket", "Basket", "{8C8E0D65-A3AA-4B88-AC2F-30DCCAC45E67}"
EndProject
Project("{2150E333-8FDC-42A3-9474-1A3956D46DE8}") = "Discount", "Discount", "{6B054F9A-6B9D-44CD-A547-80B40AA6A39F}"
EndProject
Project("{9A19103F-16F7-4668-BE54-9A1E7A4F7556}") = "Discount.API", "Services\Discount\Discount.API\Discount.API.csproj", "{4AB3683D-A9A3-4942-937C-D7AE405341FD}"
EndProject
Project("{9A19103F-16F7-4668-BE54-9A1E7A4F7556}") = "Basket.API", "Services\Basket\Basket.API\Basket.API.csproj", "{580FC7A7-7BBD-4AB1-A9CA-B106962EE8B0}"
EndProject
Project("{9A19103F-16F7-4668-BE54-9A1E7A4F7556}") = "Discount.Grpc", "Services\Discount\Discount.Grpc\Discount.Grpc.csproj", "{364B199F-A4EF-4875-9102-5F4CC2339F2C}"
EndProject
Project("{2150E333-8FDC-42A3-9474-1A3956D46DE8}") = "Ordering", "Ordering", "{25AD0309-D2FB-46EE-A2CE-9F2606319574}"
EndProject
Project("{9A19103F-16F7-4668-BE54-9A1E7A4F7556}") = "Ordering.API", "Services\Ordering\Ordering.API\Ordering.API.csproj", "{BE7048CA-73E7-43CC-BFF1-F30220FCFD0A}"
EndProject
Project("{9A19103F-16F7-4668-BE54-9A1E7A4F7556}") = "Ordering.Domain", "Services\Ordering\Ordering.Domain\Ordering.Domain.csproj", "{CC8A039F-1287-40DB-9468-B4424ECE2603}"
EndProject
Project("{9A19103F-16F7-4668-BE54-9A1E7A4F7556}") = "Ordering.Application", "Services\Ordering\Ordering.Application\Ordering.Application.csproj", "{F5B4C10E-57D1-416D-A685-63358DD33E2D}"
EndProject
Project("{9A19103F-16F7-4668-BE54-9A1E7A4F7556}") = "Ordering.Infrastructure", "Services\Ordering\Ordering.Infrastructure\Ordering.Infrastructure.csproj", "{BCF650C7-52AB-4955-9CDA-29A016F002B3}"
EndProject
Project("{2150E333-8FDC-42A3-9474-1A3956D46DE8}") = "BuildingBlocks", "BuildingBlocks", "{3EE8910A-96F8-4347-9397-4A3934CEBF37}"
EndProject
Project("{9A19103F-16F7-4668-BE54-9A1E7A4F7556}") = "EventBus.Messages", "BuildingBlocks\EventBus.Messages\EventBus.Messages.csproj", "{E65AC274-11FB-449F-AA32-60F763E46272}"
EndProject
Project("{2150E333-8FDC-42A3-9474-1A3956D46DE8}") = "ApiGateways", "ApiGateways", "{8A9365F0-CE2D-4598-8320-458C610E60A1}"
EndProject
Project("{FAE04EC0-301F-11D3-BF4B-00C04F79EFBC}") = "OcelotApiGw", "ApiGateways\OcelotApiGw\OcelotApiGw.csproj", "{4EB02C57-6373-4ABB-A9F1-F22A8468F0CF}"
EndProject
Project("{FAE04EC0-301F-11D3-BF4B-00C04F79EFBC}") = "Shopping.Aggregator", "ApiGateways\Shopping.Aggregator\Shopping.Aggregator.csproj", "{F367186E-0535-46A6-B1C5-00B297CCADFA}"
EndProject
Project("{2150E333-8FDC-42A3-9474-1A3956D46DE8}") = "WebApps", "WebApps", "{6D05896A-12BE-4E75-B282-237A50D6EA40}"
EndProject
Project("{9A19103F-16F7-4668-BE54-9A1E7A4F7556}") = "AspnetRunBasics", "WebApps\AspnetRunBasics\AspnetRunBasics.csproj", "{4A9711D1-AB8A-4C77-B128-BCA96DCF97BD}"
EndProject
Global
	GlobalSection(SolutionConfigurationPlatforms) = preSolution
		Debug|Any CPU = Debug|Any CPU
		Release|Any CPU = Release|Any CPU
	EndGlobalSection
	GlobalSection(ProjectConfigurationPlatforms) = postSolution
		{7E702D46-68E6-446F-B5F0-02A93558ABC7}.Debug|Any CPU.ActiveCfg = Debug|Any CPU
		{7E702D46-68E6-446F-B5F0-02A93558ABC7}.Debug|Any CPU.Build.0 = Debug|Any CPU
		{7E702D46-68E6-446F-B5F0-02A93558ABC7}.Release|Any CPU.ActiveCfg = Release|Any CPU
		{7E702D46-68E6-446F-B5F0-02A93558ABC7}.Release|Any CPU.Build.0 = Release|Any CPU
		{82DDB197-7EAC-4284-8E4B-EE4266CB0046}.Debug|Any CPU.ActiveCfg = Debug|Any CPU
		{82DDB197-7EAC-4284-8E4B-EE4266CB0046}.Debug|Any CPU.Build.0 = Debug|Any CPU
		{82DDB197-7EAC-4284-8E4B-EE4266CB0046}.Release|Any CPU.ActiveCfg = Release|Any CPU
		{82DDB197-7EAC-4284-8E4B-EE4266CB0046}.Release|Any CPU.Build.0 = Release|Any CPU
		{4AB3683D-A9A3-4942-937C-D7AE405341FD}.Debug|Any CPU.ActiveCfg = Debug|Any CPU
		{4AB3683D-A9A3-4942-937C-D7AE405341FD}.Debug|Any CPU.Build.0 = Debug|Any CPU
		{4AB3683D-A9A3-4942-937C-D7AE405341FD}.Release|Any CPU.ActiveCfg = Release|Any CPU
		{4AB3683D-A9A3-4942-937C-D7AE405341FD}.Release|Any CPU.Build.0 = Release|Any CPU
		{580FC7A7-7BBD-4AB1-A9CA-B106962EE8B0}.Debug|Any CPU.ActiveCfg = Debug|Any CPU
		{580FC7A7-7BBD-4AB1-A9CA-B106962EE8B0}.Debug|Any CPU.Build.0 = Debug|Any CPU
		{580FC7A7-7BBD-4AB1-A9CA-B106962EE8B0}.Release|Any CPU.ActiveCfg = Release|Any CPU
		{580FC7A7-7BBD-4AB1-A9CA-B106962EE8B0}.Release|Any CPU.Build.0 = Release|Any CPU
		{364B199F-A4EF-4875-9102-5F4CC2339F2C}.Debug|Any CPU.ActiveCfg = Debug|Any CPU
		{364B199F-A4EF-4875-9102-5F4CC2339F2C}.Debug|Any CPU.Build.0 = Debug|Any CPU
		{364B199F-A4EF-4875-9102-5F4CC2339F2C}.Release|Any CPU.ActiveCfg = Release|Any CPU
		{364B199F-A4EF-4875-9102-5F4CC2339F2C}.Release|Any CPU.Build.0 = Release|Any CPU
		{BE7048CA-73E7-43CC-BFF1-F30220FCFD0A}.Debug|Any CPU.ActiveCfg = Debug|Any CPU
		{BE7048CA-73E7-43CC-BFF1-F30220FCFD0A}.Debug|Any CPU.Build.0 = Debug|Any CPU
		{BE7048CA-73E7-43CC-BFF1-F30220FCFD0A}.Release|Any CPU.ActiveCfg = Release|Any CPU
		{BE7048CA-73E7-43CC-BFF1-F30220FCFD0A}.Release|Any CPU.Build.0 = Release|Any CPU
		{CC8A039F-1287-40DB-9468-B4424ECE2603}.Debug|Any CPU.ActiveCfg = Debug|Any CPU
		{CC8A039F-1287-40DB-9468-B4424ECE2603}.Debug|Any CPU.Build.0 = Debug|Any CPU
		{CC8A039F-1287-40DB-9468-B4424ECE2603}.Release|Any CPU.ActiveCfg = Release|Any CPU
		{CC8A039F-1287-40DB-9468-B4424ECE2603}.Release|Any CPU.Build.0 = Release|Any CPU
		{F5B4C10E-57D1-416D-A685-63358DD33E2D}.Debug|Any CPU.ActiveCfg = Debug|Any CPU
		{F5B4C10E-57D1-416D-A685-63358DD33E2D}.Debug|Any CPU.Build.0 = Debug|Any CPU
		{F5B4C10E-57D1-416D-A685-63358DD33E2D}.Release|Any CPU.ActiveCfg = Release|Any CPU
		{F5B4C10E-57D1-416D-A685-63358DD33E2D}.Release|Any CPU.Build.0 = Release|Any CPU
		{BCF650C7-52AB-4955-9CDA-29A016F002B3}.Debug|Any CPU.ActiveCfg = Debug|Any CPU
		{BCF650C7-52AB-4955-9CDA-29A016F002B3}.Debug|Any CPU.Build.0 = Debug|Any CPU
		{BCF650C7-52AB-4955-9CDA-29A016F002B3}.Release|Any CPU.ActiveCfg = Release|Any CPU
		{BCF650C7-52AB-4955-9CDA-29A016F002B3}.Release|Any CPU.Build.0 = Release|Any CPU
		{E65AC274-11FB-449F-AA32-60F763E46272}.Debug|Any CPU.ActiveCfg = Debug|Any CPU
		{E65AC274-11FB-449F-AA32-60F763E46272}.Debug|Any CPU.Build.0 = Debug|Any CPU
		{E65AC274-11FB-449F-AA32-60F763E46272}.Release|Any CPU.ActiveCfg = Release|Any CPU
		{E65AC274-11FB-449F-AA32-60F763E46272}.Release|Any CPU.Build.0 = Release|Any CPU
		{4EB02C57-6373-4ABB-A9F1-F22A8468F0CF}.Debug|Any CPU.ActiveCfg = Debug|Any CPU
		{4EB02C57-6373-4ABB-A9F1-F22A8468F0CF}.Debug|Any CPU.Build.0 = Debug|Any CPU
		{4EB02C57-6373-4ABB-A9F1-F22A8468F0CF}.Release|Any CPU.ActiveCfg = Release|Any CPU
		{4EB02C57-6373-4ABB-A9F1-F22A8468F0CF}.Release|Any CPU.Build.0 = Release|Any CPU
		{F367186E-0535-46A6-B1C5-00B297CCADFA}.Debug|Any CPU.ActiveCfg = Debug|Any CPU
		{F367186E-0535-46A6-B1C5-00B297CCADFA}.Debug|Any CPU.Build.0 = Debug|Any CPU
		{F367186E-0535-46A6-B1C5-00B297CCADFA}.Release|Any CPU.ActiveCfg = Release|Any CPU
		{F367186E-0535-46A6-B1C5-00B297CCADFA}.Release|Any CPU.Build.0 = Release|Any CPU
		{4A9711D1-AB8A-4C77-B128-BCA96DCF97BD}.Debug|Any CPU.ActiveCfg = Debug|Any CPU
		{4A9711D1-AB8A-4C77-B128-BCA96DCF97BD}.Debug|Any CPU.Build.0 = Debug|Any CPU
		{4A9711D1-AB8A-4C77-B128-BCA96DCF97BD}.Release|Any CPU.ActiveCfg = Release|Any CPU
		{4A9711D1-AB8A-4C77-B128-BCA96DCF97BD}.Release|Any CPU.Build.0 = Release|Any CPU
	EndGlobalSection
	GlobalSection(SolutionProperties) = preSolution
		HideSolutionNode = FALSE
	EndGlobalSection
	GlobalSection(NestedProjects) = preSolution
		{413782F9-AA1C-435C-A78F-0A5E66E3C795} = {8F13B79C-4100-49EF-951D-33C696B100FA}
		{7E702D46-68E6-446F-B5F0-02A93558ABC7} = {413782F9-AA1C-435C-A78F-0A5E66E3C795}
		{8C8E0D65-A3AA-4B88-AC2F-30DCCAC45E67} = {8F13B79C-4100-49EF-951D-33C696B100FA}
		{6B054F9A-6B9D-44CD-A547-80B40AA6A39F} = {8F13B79C-4100-49EF-951D-33C696B100FA}
		{4AB3683D-A9A3-4942-937C-D7AE405341FD} = {6B054F9A-6B9D-44CD-A547-80B40AA6A39F}
		{580FC7A7-7BBD-4AB1-A9CA-B106962EE8B0} = {8C8E0D65-A3AA-4B88-AC2F-30DCCAC45E67}
		{364B199F-A4EF-4875-9102-5F4CC2339F2C} = {6B054F9A-6B9D-44CD-A547-80B40AA6A39F}
		{25AD0309-D2FB-46EE-A2CE-9F2606319574} = {8F13B79C-4100-49EF-951D-33C696B100FA}
		{BE7048CA-73E7-43CC-BFF1-F30220FCFD0A} = {25AD0309-D2FB-46EE-A2CE-9F2606319574}
		{CC8A039F-1287-40DB-9468-B4424ECE2603} = {25AD0309-D2FB-46EE-A2CE-9F2606319574}
		{F5B4C10E-57D1-416D-A685-63358DD33E2D} = {25AD0309-D2FB-46EE-A2CE-9F2606319574}
		{BCF650C7-52AB-4955-9CDA-29A016F002B3} = {25AD0309-D2FB-46EE-A2CE-9F2606319574}
		{E65AC274-11FB-449F-AA32-60F763E46272} = {3EE8910A-96F8-4347-9397-4A3934CEBF37}
		{4EB02C57-6373-4ABB-A9F1-F22A8468F0CF} = {8A9365F0-CE2D-4598-8320-458C610E60A1}
		{F367186E-0535-46A6-B1C5-00B297CCADFA} = {8A9365F0-CE2D-4598-8320-458C610E60A1}
		{4A9711D1-AB8A-4C77-B128-BCA96DCF97BD} = {6D05896A-12BE-4E75-B282-237A50D6EA40}
	EndGlobalSection
	GlobalSection(ExtensibilityGlobals) = postSolution
		SolutionGuid = {A8ED4C4A-E0C3-4433-B563-3CF915AB90B6}
	EndGlobalSection
EndGlobal
